
Microsoft Visual Studio Solution File, Format Version 12.00
# Visual Studio Version 17
VisualStudioVersion = 17.0.31903.59
MinimumVisualStudioVersion = 10.0.40219.1
Project("{2150E333-8FDC-42A3-9474-1A3956D46DE8}") = "src", "src", "{827E0CD3-B72D-47B6-A68D-7590B98EB39B}"
EndProject
Project("{FAE04EC0-301F-11D3-BF4B-00C04F79EFBC}") = "Clac.Core", "src\Clac.Core\Clac.Core.csproj", "{9D46212E-6608-4092-9BC8-144948EF7644}"
EndProject
Project("{FAE04EC0-301F-11D3-BF4B-00C04F79EFBC}") = "Clac.UI", "src\Clac.UI\Clac.UI.csproj", "{B3C4491F-9A41-45DF-845F-F0AA6794BC2B}"
EndProject
Project("{2150E333-8FDC-42A3-9474-1A3956D46DE8}") = "tests", "tests", "{0AB3BF05-4346-4AA6-1389-037BE0695223}"
EndProject
Project("{FAE04EC0-301F-11D3-BF4B-00C04F79EFBC}") = "Clac.Core.Tests", "tests\Clac.Core.Tests\Clac.Core.Tests.csproj", "{A1504EBE-8B04-4023-BFD2-498DA9B0D0D9}"
EndProject
Project("{FAE04EC0-301F-11D3-BF4B-00C04F79EFBC}") = "Clac.UI.Tests", "tests\Clac.UI.Tests\Clac.UI.Tests.csproj", "{3395D9DD-7FE8-4515-84C4-FAA6AC2388CA}"
EndProject
Global
	GlobalSection(SolutionConfigurationPlatforms) = preSolution
		Debug|Any CPU = Debug|Any CPU
		Debug|x64 = Debug|x64
		Debug|x86 = Debug|x86
		Release|Any CPU = Release|Any CPU
		Release|x64 = Release|x64
		Release|x86 = Release|x86
	EndGlobalSection
	GlobalSection(ProjectConfigurationPlatforms) = postSolution
		{9D46212E-6608-4092-9BC8-144948EF7644}.Debug|Any CPU.ActiveCfg = Debug|Any CPU
		{9D46212E-6608-4092-9BC8-144948EF7644}.Debug|Any CPU.Build.0 = Debug|Any CPU
		{9D46212E-6608-4092-9BC8-144948EF7644}.Debug|x64.ActiveCfg = Debug|Any CPU
		{9D46212E-6608-4092-9BC8-144948EF7644}.Debug|x64.Build.0 = Debug|Any CPU
		{9D46212E-6608-4092-9BC8-144948EF7644}.Debug|x86.ActiveCfg = Debug|Any CPU
		{9D46212E-6608-4092-9BC8-144948EF7644}.Debug|x86.Build.0 = Debug|Any CPU
		{9D46212E-6608-4092-9BC8-144948EF7644}.Release|Any CPU.ActiveCfg = Release|Any CPU
		{9D46212E-6608-4092-9BC8-144948EF7644}.Release|Any CPU.Build.0 = Release|Any CPU
		{9D46212E-6608-4092-9BC8-144948EF7644}.Release|x64.ActiveCfg = Release|Any CPU
		{9D46212E-6608-4092-9BC8-144948EF7644}.Release|x64.Build.0 = Release|Any CPU
		{9D46212E-6608-4092-9BC8-144948EF7644}.Release|x86.ActiveCfg = Release|Any CPU
		{9D46212E-6608-4092-9BC8-144948EF7644}.Release|x86.Build.0 = Release|Any CPU
		{B3C4491F-9A41-45DF-845F-F0AA6794BC2B}.Debug|Any CPU.ActiveCfg = Debug|Any CPU
		{B3C4491F-9A41-45DF-845F-F0AA6794BC2B}.Debug|Any CPU.Build.0 = Debug|Any CPU
		{B3C4491F-9A41-45DF-845F-F0AA6794BC2B}.Debug|x64.ActiveCfg = Debug|Any CPU
		{B3C4491F-9A41-45DF-845F-F0AA6794BC2B}.Debug|x64.Build.0 = Debug|Any CPU
		{B3C4491F-9A41-45DF-845F-F0AA6794BC2B}.Debug|x86.ActiveCfg = Debug|Any CPU
		{B3C4491F-9A41-45DF-845F-F0AA6794BC2B}.Debug|x86.Build.0 = Debug|Any CPU
		{B3C4491F-9A41-45DF-845F-F0AA6794BC2B}.Release|Any CPU.ActiveCfg = Release|Any CPU
		{B3C4491F-9A41-45DF-845F-F0AA6794BC2B}.Release|Any CPU.Build.0 = Release|Any CPU
		{B3C4491F-9A41-45DF-845F-F0AA6794BC2B}.Release|x64.ActiveCfg = Release|Any CPU
		{B3C4491F-9A41-45DF-845F-F0AA6794BC2B}.Release|x64.Build.0 = Release|Any CPU
		{B3C4491F-9A41-45DF-845F-F0AA6794BC2B}.Release|x86.ActiveCfg = Release|Any CPU
		{B3C4491F-9A41-45DF-845F-F0AA6794BC2B}.Release|x86.Build.0 = Release|Any CPU
		{A1504EBE-8B04-4023-BFD2-498DA9B0D0D9}.Debug|Any CPU.ActiveCfg = Debug|Any CPU
		{A1504EBE-8B04-4023-BFD2-498DA9B0D0D9}.Debug|Any CPU.Build.0 = Debug|Any CPU
		{A1504EBE-8B04-4023-BFD2-498DA9B0D0D9}.Debug|x64.ActiveCfg = Debug|Any CPU
		{A1504EBE-8B04-4023-BFD2-498DA9B0D0D9}.Debug|x64.Build.0 = Debug|Any CPU
		{A1504EBE-8B04-4023-BFD2-498DA9B0D0D9}.Debug|x86.ActiveCfg = Debug|Any CPU
		{A1504EBE-8B04-4023-BFD2-498DA9B0D0D9}.Debug|x86.Build.0 = Debug|Any CPU
		{A1504EBE-8B04-4023-BFD2-498DA9B0D0D9}.Release|Any CPU.ActiveCfg = Release|Any CPU
		{A1504EBE-8B04-4023-BFD2-498DA9B0D0D9}.Release|Any CPU.Build.0 = Release|Any CPU
		{A1504EBE-8B04-4023-BFD2-498DA9B0D0D9}.Release|x64.ActiveCfg = Release|Any CPU
		{A1504EBE-8B04-4023-BFD2-498DA9B0D0D9}.Release|x64.Build.0 = Release|Any CPU
		{A1504EBE-8B04-4023-BFD2-498DA9B0D0D9}.Release|x86.ActiveCfg = Release|Any CPU
		{A1504EBE-8B04-4023-BFD2-498DA9B0D0D9}.Release|x86.Build.0 = Release|Any CPU
		{3395D9DD-7FE8-4515-84C4-FAA6AC2388CA}.Debug|Any CPU.ActiveCfg = Debug|Any CPU
		{3395D9DD-7FE8-4515-84C4-FAA6AC2388CA}.Debug|Any CPU.Build.0 = Debug|Any CPU
		{3395D9DD-7FE8-4515-84C4-FAA6AC2388CA}.Debug|x64.ActiveCfg = Debug|Any CPU
		{3395D9DD-7FE8-4515-84C4-FAA6AC2388CA}.Debug|x64.Build.0 = Debug|Any CPU
		{3395D9DD-7FE8-4515-84C4-FAA6AC2388CA}.Debug|x86.ActiveCfg = Debug|Any CPU
		{3395D9DD-7FE8-4515-84C4-FAA6AC2388CA}.Debug|x86.Build.0 = Debug|Any CPU
		{3395D9DD-7FE8-4515-84C4-FAA6AC2388CA}.Release|Any CPU.ActiveCfg = Release|Any CPU
		{3395D9DD-7FE8-4515-84C4-FAA6AC2388CA}.Release|Any CPU.Build.0 = Release|Any CPU
		{3395D9DD-7FE8-4515-84C4-FAA6AC2388CA}.Release|x64.ActiveCfg = Release|Any CPU
		{3395D9DD-7FE8-4515-84C4-FAA6AC2388CA}.Release|x64.Build.0 = Release|Any CPU
		{3395D9DD-7FE8-4515-84C4-FAA6AC2388CA}.Release|x86.ActiveCfg = Release|Any CPU
		{3395D9DD-7FE8-4515-84C4-FAA6AC2388CA}.Release|x86.Build.0 = Release|Any CPU
	EndGlobalSection
	GlobalSection(SolutionProperties) = preSolution
		HideSolutionNode = FALSE
	EndGlobalSection
	GlobalSection(NestedProjects) = preSolution
		{9D46212E-6608-4092-9BC8-144948EF7644} = {827E0CD3-B72D-47B6-A68D-7590B98EB39B}
		{B3C4491F-9A41-45DF-845F-F0AA6794BC2B} = {827E0CD3-B72D-47B6-A68D-7590B98EB39B}
		{A1504EBE-8B04-4023-BFD2-498DA9B0D0D9} = {0AB3BF05-4346-4AA6-1389-037BE0695223}
		{3395D9DD-7FE8-4515-84C4-FAA6AC2388CA} = {0AB3BF05-4346-4AA6-1389-037BE0695223}
	EndGlobalSection
EndGlobal
